
Microsoft Visual Studio Solution File, Format Version 12.00
Project("{FAE04EC0-301F-11D3-BF4B-00C04F79EFBC}") = "Shared", "src\Shared\Shared.csproj", "{AF33189D-A66C-476C-97DD-C4F1F6F7CA7A}"
EndProject
Project("{FAE04EC0-301F-11D3-BF4B-00C04F79EFBC}") = "OrderManagement.Api", "src\Gateways\OrderManagement.Api\OrderManagement.Api.csproj", "{036E4D56-AA90-4E6D-A5F5-4829DDD0AA60}"
EndProject
Project("{FAE04EC0-301F-11D3-BF4B-00C04F79EFBC}") = "Financial.Application", "src\Modules\FinancialModule\Financial.Application\Financial.Application.csproj", "{3ED8DC06-2908-4E9A-8255-1FCDEB30E7E7}"
EndProject
Project("{FAE04EC0-301F-11D3-BF4B-00C04F79EFBC}") = "Financial.Domain", "src\Modules\FinancialModule\Financial.Domain\Financial.Domain.csproj", "{81F87101-9B15-48D5-85AA-04CDBCBE2DCB}"
EndProject
Project("{2150E333-8FDC-42A3-9474-1A3956D46DE8}") = "src", "src", "{829DF159-864D-4DA2-884A-4272A3D2DED6}"
EndProject
Project("{FAE04EC0-301F-11D3-BF4B-00C04F79EFBC}") = "Financial.Infrastructure", "src\Modules\FinancialModule\Financial.Infrastructure\Financial.Infrastructure.csproj", "{AA83D338-8D2D-4E62-829E-EF00EB6F7036}"
EndProject
Project("{FAE04EC0-301F-11D3-BF4B-00C04F79EFBC}") = "Order.Application", "src\Modules\OrderModule\Order.Application\Order.Application.csproj", "{CF0819E6-BD3C-4C73-A9FB-2E3F17C2F7DF}"
EndProject
Project("{FAE04EC0-301F-11D3-BF4B-00C04F79EFBC}") = "Order.Domain", "src\Modules\OrderModule\Order.Domain\Order.Domain.csproj", "{DF4FE433-B47B-4836-A53E-E58DD2B76FD6}"
EndProject
Project("{FAE04EC0-301F-11D3-BF4B-00C04F79EFBC}") = "Order.Infrastructure", "src\Modules\OrderModule\Order.Infrastructure\Order.Infrastructure.csproj", "{C98D6F17-46BC-42EF-A2CF-C1A1DC3C4C25}"
EndProject
Project("{2150E333-8FDC-42A3-9474-1A3956D46DE8}") = "GateWays", "GateWays", "{C902721E-8ACE-4963-9B68-378BC43DCF5E}"
EndProject
Project("{2150E333-8FDC-42A3-9474-1A3956D46DE8}") = "Modules", "Modules", "{472BB3E8-330D-4DCC-AA28-7A4F9519C381}"
EndProject
Project("{2150E333-8FDC-42A3-9474-1A3956D46DE8}") = "OrderModule", "OrderModule", "{01D8A8DC-8A2A-4AA6-BBB9-0DA42A79713E}"
EndProject
Project("{2150E333-8FDC-42A3-9474-1A3956D46DE8}") = "FinanceModule", "FinanceModule", "{1801DA1D-EF68-49D3-99B1-687A13E625C0}"
EndProject
Global
	GlobalSection(SolutionConfigurationPlatforms) = preSolution
		Debug|Any CPU = Debug|Any CPU
		Release|Any CPU = Release|Any CPU
	EndGlobalSection
	GlobalSection(ProjectConfigurationPlatforms) = postSolution
		{AF33189D-A66C-476C-97DD-C4F1F6F7CA7A}.Debug|Any CPU.ActiveCfg = Debug|Any CPU
		{AF33189D-A66C-476C-97DD-C4F1F6F7CA7A}.Debug|Any CPU.Build.0 = Debug|Any CPU
		{AF33189D-A66C-476C-97DD-C4F1F6F7CA7A}.Release|Any CPU.ActiveCfg = Release|Any CPU
		{AF33189D-A66C-476C-97DD-C4F1F6F7CA7A}.Release|Any CPU.Build.0 = Release|Any CPU
		{036E4D56-AA90-4E6D-A5F5-4829DDD0AA60}.Debug|Any CPU.ActiveCfg = Debug|Any CPU
		{036E4D56-AA90-4E6D-A5F5-4829DDD0AA60}.Debug|Any CPU.Build.0 = Debug|Any CPU
		{036E4D56-AA90-4E6D-A5F5-4829DDD0AA60}.Release|Any CPU.ActiveCfg = Release|Any CPU
		{036E4D56-AA90-4E6D-A5F5-4829DDD0AA60}.Release|Any CPU.Build.0 = Release|Any CPU
		{3ED8DC06-2908-4E9A-8255-1FCDEB30E7E7}.Debug|Any CPU.ActiveCfg = Debug|Any CPU
		{3ED8DC06-2908-4E9A-8255-1FCDEB30E7E7}.Debug|Any CPU.Build.0 = Debug|Any CPU
		{3ED8DC06-2908-4E9A-8255-1FCDEB30E7E7}.Release|Any CPU.ActiveCfg = Release|Any CPU
		{3ED8DC06-2908-4E9A-8255-1FCDEB30E7E7}.Release|Any CPU.Build.0 = Release|Any CPU
		{81F87101-9B15-48D5-85AA-04CDBCBE2DCB}.Debug|Any CPU.ActiveCfg = Debug|Any CPU
		{81F87101-9B15-48D5-85AA-04CDBCBE2DCB}.Debug|Any CPU.Build.0 = Debug|Any CPU
		{81F87101-9B15-48D5-85AA-04CDBCBE2DCB}.Release|Any CPU.ActiveCfg = Release|Any CPU
		{81F87101-9B15-48D5-85AA-04CDBCBE2DCB}.Release|Any CPU.Build.0 = Release|Any CPU
		{AA83D338-8D2D-4E62-829E-EF00EB6F7036}.Debug|Any CPU.ActiveCfg = Debug|Any CPU
		{AA83D338-8D2D-4E62-829E-EF00EB6F7036}.Debug|Any CPU.Build.0 = Debug|Any CPU
		{AA83D338-8D2D-4E62-829E-EF00EB6F7036}.Release|Any CPU.ActiveCfg = Release|Any CPU
		{AA83D338-8D2D-4E62-829E-EF00EB6F7036}.Release|Any CPU.Build.0 = Release|Any CPU
		{CF0819E6-BD3C-4C73-A9FB-2E3F17C2F7DF}.Debug|Any CPU.ActiveCfg = Debug|Any CPU
		{CF0819E6-BD3C-4C73-A9FB-2E3F17C2F7DF}.Debug|Any CPU.Build.0 = Debug|Any CPU
		{CF0819E6-BD3C-4C73-A9FB-2E3F17C2F7DF}.Release|Any CPU.ActiveCfg = Release|Any CPU
		{CF0819E6-BD3C-4C73-A9FB-2E3F17C2F7DF}.Release|Any CPU.Build.0 = Release|Any CPU
		{DF4FE433-B47B-4836-A53E-E58DD2B76FD6}.Debug|Any CPU.ActiveCfg = Debug|Any CPU
		{DF4FE433-B47B-4836-A53E-E58DD2B76FD6}.Debug|Any CPU.Build.0 = Debug|Any CPU
		{DF4FE433-B47B-4836-A53E-E58DD2B76FD6}.Release|Any CPU.ActiveCfg = Release|Any CPU
		{DF4FE433-B47B-4836-A53E-E58DD2B76FD6}.Release|Any CPU.Build.0 = Release|Any CPU
		{C98D6F17-46BC-42EF-A2CF-C1A1DC3C4C25}.Debug|Any CPU.ActiveCfg = Debug|Any CPU
		{C98D6F17-46BC-42EF-A2CF-C1A1DC3C4C25}.Debug|Any CPU.Build.0 = Debug|Any CPU
		{C98D6F17-46BC-42EF-A2CF-C1A1DC3C4C25}.Release|Any CPU.ActiveCfg = Release|Any CPU
		{C98D6F17-46BC-42EF-A2CF-C1A1DC3C4C25}.Release|Any CPU.Build.0 = Release|Any CPU
	EndGlobalSection
	GlobalSection(NestedProjects) = preSolution
		{C902721E-8ACE-4963-9B68-378BC43DCF5E} = {829DF159-864D-4DA2-884A-4272A3D2DED6}
		{472BB3E8-330D-4DCC-AA28-7A4F9519C381} = {829DF159-864D-4DA2-884A-4272A3D2DED6}
		{036E4D56-AA90-4E6D-A5F5-4829DDD0AA60} = {C902721E-8ACE-4963-9B68-378BC43DCF5E}
		{01D8A8DC-8A2A-4AA6-BBB9-0DA42A79713E} = {472BB3E8-330D-4DCC-AA28-7A4F9519C381}
		{1801DA1D-EF68-49D3-99B1-687A13E625C0} = {472BB3E8-330D-4DCC-AA28-7A4F9519C381}
		{3ED8DC06-2908-4E9A-8255-1FCDEB30E7E7} = {1801DA1D-EF68-49D3-99B1-687A13E625C0}
		{81F87101-9B15-48D5-85AA-04CDBCBE2DCB} = {1801DA1D-EF68-49D3-99B1-687A13E625C0}
		{AA83D338-8D2D-4E62-829E-EF00EB6F7036} = {1801DA1D-EF68-49D3-99B1-687A13E625C0}
		{CF0819E6-BD3C-4C73-A9FB-2E3F17C2F7DF} = {01D8A8DC-8A2A-4AA6-BBB9-0DA42A79713E}
		{DF4FE433-B47B-4836-A53E-E58DD2B76FD6} = {01D8A8DC-8A2A-4AA6-BBB9-0DA42A79713E}
		{C98D6F17-46BC-42EF-A2CF-C1A1DC3C4C25} = {01D8A8DC-8A2A-4AA6-BBB9-0DA42A79713E}
	EndGlobalSection
EndGlobal
